
Microsoft Visual Studio Solution File, Format Version 12.00
# Visual Studio Version 17
VisualStudioVersion = 17.2.32516.85
MinimumVisualStudioVersion = 10.0.40219.1
Project("{F184B08F-C81C-45F6-A57F-5ABD9991F28F}") = "martin-contact_tracing", "martin-contact_tracing\martin-contact_tracing.vbproj", "{11553D39-DEB6-4BDD-81AC-684D9C6F8811}"
EndProject
Global
	GlobalSection(SolutionConfigurationPlatforms) = preSolution
		Debug|Any CPU = Debug|Any CPU
		Release|Any CPU = Release|Any CPU
	EndGlobalSection
	GlobalSection(ProjectConfigurationPlatforms) = postSolution
		{11553D39-DEB6-4BDD-81AC-684D9C6F8811}.Debug|Any CPU.ActiveCfg = Debug|Any CPU
		{11553D39-DEB6-4BDD-81AC-684D9C6F8811}.Debug|Any CPU.Build.0 = Debug|Any CPU
		{11553D39-DEB6-4BDD-81AC-684D9C6F8811}.Release|Any CPU.ActiveCfg = Release|Any CPU
		{11553D39-DEB6-4BDD-81AC-684D9C6F8811}.Release|Any CPU.Build.0 = Release|Any CPU
	EndGlobalSection
	GlobalSection(SolutionProperties) = preSolution
		HideSolutionNode = FALSE
	EndGlobalSection
	GlobalSection(ExtensibilityGlobals) = postSolution
		SolutionGuid = {FB4BF8F1-B2DF-403E-9342-018F8307FE98}
	EndGlobalSection
EndGlobal
